
Microsoft Visual Studio Solution File, Format Version 12.00
# Visual Studio Version 17
VisualStudioVersion = 17.0.32126.317
MinimumVisualStudioVersion = 10.0.40219.1
Project("{FAE04EC0-301F-11D3-BF4B-00C04F79EFBC}") = "ManejoExcepsiones", "ManejoExcepsiones\ManejoExcepsiones.csproj", "{6FB652A8-D095-4515-966B-CAA112F01229}"
EndProject
Global
	GlobalSection(SolutionConfigurationPlatforms) = preSolution
		Debug|Any CPU = Debug|Any CPU
		Release|Any CPU = Release|Any CPU
	EndGlobalSection
	GlobalSection(ProjectConfigurationPlatforms) = postSolution
		{6FB652A8-D095-4515-966B-CAA112F01229}.Debug|Any CPU.ActiveCfg = Debug|Any CPU
		{6FB652A8-D095-4515-966B-CAA112F01229}.Debug|Any CPU.Build.0 = Debug|Any CPU
		{6FB652A8-D095-4515-966B-CAA112F01229}.Release|Any CPU.ActiveCfg = Release|Any CPU
		{6FB652A8-D095-4515-966B-CAA112F01229}.Release|Any CPU.Build.0 = Release|Any CPU
	EndGlobalSection
	GlobalSection(SolutionProperties) = preSolution
		HideSolutionNode = FALSE
	EndGlobalSection
	GlobalSection(ExtensibilityGlobals) = postSolution
		SolutionGuid = {4165021B-C8FE-4E28-9B8B-DDB05C2B7AFA}
	EndGlobalSection
EndGlobal
